// !$*UTF8*$!
{
	archiveVersion = 1;
	classes = {
	};
	objectVersion = 48;
	objects = {

/* Begin PBXBuildFile section */
		4450C629AE8DEB1C9D37FEFB /* Pods_tumblrUITests.framework in Frameworks */ = {isa = PBXBuildFile; fileRef = 6BE40D03A09A144E3623742C /* Pods_tumblrUITests.framework */; };
		4CCFCCD46CF95DBB34BB7E2B /* Pods_tumblr.framework in Frameworks */ = {isa = PBXBuildFile; fileRef = 22CA214731304230DE8840EC /* Pods_tumblr.framework */; };
		5A58DFE42022E36C0092C8A6 /* PhotoCell.swift in Sources */ = {isa = PBXBuildFile; fileRef = 5A58DFE32022E36C0092C8A6 /* PhotoCell.swift */; };
		5A58DFE62022E3B30092C8A6 /* PhotosViewController.swift in Sources */ = {isa = PBXBuildFile; fileRef = 5A58DFE52022E3B20092C8A6 /* PhotosViewController.swift */; };
		5A96451D2022DBF600DD3AE9 /* AppDelegate.swift in Sources */ = {isa = PBXBuildFile; fileRef = 5A96451C2022DBF600DD3AE9 /* AppDelegate.swift */; };
		5A9645222022DBF600DD3AE9 /* Main.storyboard in Resources */ = {isa = PBXBuildFile; fileRef = 5A9645202022DBF600DD3AE9 /* Main.storyboard */; };
		5A9645242022DBF600DD3AE9 /* Assets.xcassets in Resources */ = {isa = PBXBuildFile; fileRef = 5A9645232022DBF600DD3AE9 /* Assets.xcassets */; };
		5A9645272022DBF600DD3AE9 /* LaunchScreen.storyboard in Resources */ = {isa = PBXBuildFile; fileRef = 5A9645252022DBF600DD3AE9 /* LaunchScreen.storyboard */; };
		5A9645322022DBF600DD3AE9 /* tumblrTests.swift in Sources */ = {isa = PBXBuildFile; fileRef = 5A9645312022DBF600DD3AE9 /* tumblrTests.swift */; };
		5A96453D2022DBF600DD3AE9 /* tumblrUITests.swift in Sources */ = {isa = PBXBuildFile; fileRef = 5A96453C2022DBF600DD3AE9 /* tumblrUITests.swift */; };
		C1B44D5CD7AAA454B354BE32 /* Pods_tumblrTests.framework in Frameworks */ = {isa = PBXBuildFile; fileRef = E680C839609B3C9F3EB95497 /* Pods_tumblrTests.framework */; };
/* End PBXBuildFile section */

/* Begin PBXContainerItemProxy section */
		5A96452E2022DBF600DD3AE9 /* PBXContainerItemProxy */ = {
			isa = PBXContainerItemProxy;
			containerPortal = 5A9645112022DBF600DD3AE9 /* Project object */;
			proxyType = 1;
			remoteGlobalIDString = 5A9645182022DBF600DD3AE9;
			remoteInfo = tumblr;
		};
		5A9645392022DBF600DD3AE9 /* PBXContainerItemProxy */ = {
			isa = PBXContainerItemProxy;
			containerPortal = 5A9645112022DBF600DD3AE9 /* Project object */;
			proxyType = 1;
			remoteGlobalIDString = 5A9645182022DBF600DD3AE9;
			remoteInfo = tumblr;
		};
/* End PBXContainerItemProxy section */

/* Begin PBXFileReference section */
		10805393EB37EA5E2CE5780F /* Pods-tumblr.release.xcconfig */ = {isa = PBXFileReference; includeInIndex = 1; lastKnownFileType = text.xcconfig; name = "Pods-tumblr.release.xcconfig"; path = "Pods/Target Support Files/Pods-tumblr/Pods-tumblr.release.xcconfig"; sourceTree = "<group>"; };
		173BA2CFB99B960E6B35392A /* Pods-tumblrTests.release.xcconfig */ = {isa = PBXFileReference; includeInIndex = 1; lastKnownFileType = text.xcconfig; name = "Pods-tumblrTests.release.xcconfig"; path = "Pods/Target Support Files/Pods-tumblrTests/Pods-tumblrTests.release.xcconfig"; sourceTree = "<group>"; };
		22CA214731304230DE8840EC /* Pods_tumblr.framework */ = {isa = PBXFileReference; explicitFileType = wrapper.framework; includeInIndex = 0; path = Pods_tumblr.framework; sourceTree = BUILT_PRODUCTS_DIR; };
		4AAA955B412CA4A9D107E97D /* Pods-tumblr.debug.xcconfig */ = {isa = PBXFileReference; includeInIndex = 1; lastKnownFileType = text.xcconfig; name = "Pods-tumblr.debug.xcconfig"; path = "Pods/Target Support Files/Pods-tumblr/Pods-tumblr.debug.xcconfig"; sourceTree = "<group>"; };
		5A58DFE32022E36C0092C8A6 /* PhotoCell.swift */ = {isa = PBXFileReference; fileEncoding = 4; lastKnownFileType = sourcecode.swift; path = PhotoCell.swift; sourceTree = "<group>"; };
		5A58DFE52022E3B20092C8A6 /* PhotosViewController.swift */ = {isa = PBXFileReference; fileEncoding = 4; lastKnownFileType = sourcecode.swift; path = PhotosViewController.swift; sourceTree = "<group>"; };
		5A9645192022DBF600DD3AE9 /* tumblr.app */ = {isa = PBXFileReference; explicitFileType = wrapper.application; includeInIndex = 0; path = tumblr.app; sourceTree = BUILT_PRODUCTS_DIR; };
		5A96451C2022DBF600DD3AE9 /* AppDelegate.swift */ = {isa = PBXFileReference; lastKnownFileType = sourcecode.swift; path = AppDelegate.swift; sourceTree = "<group>"; };
		5A9645212022DBF600DD3AE9 /* Base */ = {isa = PBXFileReference; lastKnownFileType = file.storyboard; name = Base; path = Base.lproj/Main.storyboard; sourceTree = "<group>"; };
		5A9645232022DBF600DD3AE9 /* Assets.xcassets */ = {isa = PBXFileReference; lastKnownFileType = folder.assetcatalog; path = Assets.xcassets; sourceTree = "<group>"; };
		5A9645262022DBF600DD3AE9 /* Base */ = {isa = PBXFileReference; lastKnownFileType = file.storyboard; name = Base; path = Base.lproj/LaunchScreen.storyboard; sourceTree = "<group>"; };
		5A9645282022DBF600DD3AE9 /* Info.plist */ = {isa = PBXFileReference; lastKnownFileType = text.plist.xml; path = Info.plist; sourceTree = "<group>"; };
		5A96452D2022DBF600DD3AE9 /* tumblrTests.xctest */ = {isa = PBXFileReference; explicitFileType = wrapper.cfbundle; includeInIndex = 0; path = tumblrTests.xctest; sourceTree = BUILT_PRODUCTS_DIR; };
		5A9645312022DBF600DD3AE9 /* tumblrTests.swift */ = {isa = PBXFileReference; lastKnownFileType = sourcecode.swift; path = tumblrTests.swift; sourceTree = "<group>"; };
		5A9645332022DBF600DD3AE9 /* Info.plist */ = {isa = PBXFileReference; lastKnownFileType = text.plist.xml; path = Info.plist; sourceTree = "<group>"; };
		5A9645382022DBF600DD3AE9 /* tumblrUITests.xctest */ = {isa = PBXFileReference; explicitFileType = wrapper.cfbundle; includeInIndex = 0; path = tumblrUITests.xctest; sourceTree = BUILT_PRODUCTS_DIR; };
		5A96453C2022DBF600DD3AE9 /* tumblrUITests.swift */ = {isa = PBXFileReference; lastKnownFileType = sourcecode.swift; path = tumblrUITests.swift; sourceTree = "<group>"; };
		5A96453E2022DBF600DD3AE9 /* Info.plist */ = {isa = PBXFileReference; lastKnownFileType = text.plist.xml; path = Info.plist; sourceTree = "<group>"; };
		6BE40D03A09A144E3623742C /* Pods_tumblrUITests.framework */ = {isa = PBXFileReference; explicitFileType = wrapper.framework; includeInIndex = 0; path = Pods_tumblrUITests.framework; sourceTree = BUILT_PRODUCTS_DIR; };
		72419B105C43F3857CD63DFE /* Pods-tumblrUITests.debug.xcconfig */ = {isa = PBXFileReference; includeInIndex = 1; lastKnownFileType = text.xcconfig; name = "Pods-tumblrUITests.debug.xcconfig"; path = "Pods/Target Support Files/Pods-tumblrUITests/Pods-tumblrUITests.debug.xcconfig"; sourceTree = "<group>"; };
		893609BEFA570EF6A75611DB /* Pods-tumblrUITests.release.xcconfig */ = {isa = PBXFileReference; includeInIndex = 1; lastKnownFileType = text.xcconfig; name = "Pods-tumblrUITests.release.xcconfig"; path = "Pods/Target Support Files/Pods-tumblrUITests/Pods-tumblrUITests.release.xcconfig"; sourceTree = "<group>"; };
		E680C839609B3C9F3EB95497 /* Pods_tumblrTests.framework */ = {isa = PBXFileReference; explicitFileType = wrapper.framework; includeInIndex = 0; path = Pods_tumblrTests.framework; sourceTree = BUILT_PRODUCTS_DIR; };
		FDE94FCADBDEBC7075F23255 /* Pods-tumblrTests.debug.xcconfig */ = {isa = PBXFileReference; includeInIndex = 1; lastKnownFileType = text.xcconfig; name = "Pods-tumblrTests.debug.xcconfig"; path = "Pods/Target Support Files/Pods-tumblrTests/Pods-tumblrTests.debug.xcconfig"; sourceTree = "<group>"; };
/* End PBXFileReference section */

/* Begin PBXFrameworksBuildPhase section */
		5A9645162022DBF600DD3AE9 /* Frameworks */ = {
			isa = PBXFrameworksBuildPhase;
			buildActionMask = 2147483647;
			files = (
				4CCFCCD46CF95DBB34BB7E2B /* Pods_tumblr.framework in Frameworks */,
			);
			runOnlyForDeploymentPostprocessing = 0;
		};
		5A96452A2022DBF600DD3AE9 /* Frameworks */ = {
			isa = PBXFrameworksBuildPhase;
			buildActionMask = 2147483647;
			files = (
				C1B44D5CD7AAA454B354BE32 /* Pods_tumblrTests.framework in Frameworks */,
			);
			runOnlyForDeploymentPostprocessing = 0;
		};
		5A9645352022DBF600DD3AE9 /* Frameworks */ = {
			isa = PBXFrameworksBuildPhase;
			buildActionMask = 2147483647;
			files = (
				4450C629AE8DEB1C9D37FEFB /* Pods_tumblrUITests.framework in Frameworks */,
			);
			runOnlyForDeploymentPostprocessing = 0;
		};
/* End PBXFrameworksBuildPhase section */

/* Begin PBXGroup section */
		22D10D88BF66AAD413749DE0 /* Frameworks */ = {
			isa = PBXGroup;
			children = (
				22CA214731304230DE8840EC /* Pods_tumblr.framework */,
				E680C839609B3C9F3EB95497 /* Pods_tumblrTests.framework */,
				6BE40D03A09A144E3623742C /* Pods_tumblrUITests.framework */,
			);
			name = Frameworks;
			sourceTree = "<group>";
		};
		5A9645102022DBF600DD3AE9 = {
			isa = PBXGroup;
			children = (
				5A96451B2022DBF600DD3AE9 /* tumblr */,
				5A9645302022DBF600DD3AE9 /* tumblrTests */,
				5A96453B2022DBF600DD3AE9 /* tumblrUITests */,
				5A96451A2022DBF600DD3AE9 /* Products */,
				700D5385DFDA433DEEF95F65 /* Pods */,
				22D10D88BF66AAD413749DE0 /* Frameworks */,
			);
			sourceTree = "<group>";
		};
		5A96451A2022DBF600DD3AE9 /* Products */ = {
			isa = PBXGroup;
			children = (
				5A9645192022DBF600DD3AE9 /* tumblr.app */,
				5A96452D2022DBF600DD3AE9 /* tumblrTests.xctest */,
				5A9645382022DBF600DD3AE9 /* tumblrUITests.xctest */,
			);
			name = Products;
			sourceTree = "<group>";
		};
		5A96451B2022DBF600DD3AE9 /* tumblr */ = {
			isa = PBXGroup;
			children = (
				5A58DFE52022E3B20092C8A6 /* PhotosViewController.swift */,
				5A58DFE32022E36C0092C8A6 /* PhotoCell.swift */,
				5A96451C2022DBF600DD3AE9 /* AppDelegate.swift */,
				5A9645202022DBF600DD3AE9 /* Main.storyboard */,
				5A9645232022DBF600DD3AE9 /* Assets.xcassets */,
				5A9645252022DBF600DD3AE9 /* LaunchScreen.storyboard */,
				5A9645282022DBF600DD3AE9 /* Info.plist */,
			);
			path = tumblr;
			sourceTree = "<group>";
		};
		5A9645302022DBF600DD3AE9 /* tumblrTests */ = {
			isa = PBXGroup;
			children = (
				5A9645312022DBF600DD3AE9 /* tumblrTests.swift */,
				5A9645332022DBF600DD3AE9 /* Info.plist */,
			);
			path = tumblrTests;
			sourceTree = "<group>";
		};
		5A96453B2022DBF600DD3AE9 /* tumblrUITests */ = {
			isa = PBXGroup;
			children = (
				5A96453C2022DBF600DD3AE9 /* tumblrUITests.swift */,
				5A96453E2022DBF600DD3AE9 /* Info.plist */,
			);
			path = tumblrUITests;
			sourceTree = "<group>";
		};
		700D5385DFDA433DEEF95F65 /* Pods */ = {
			isa = PBXGroup;
			children = (
				4AAA955B412CA4A9D107E97D /* Pods-tumblr.debug.xcconfig */,
				10805393EB37EA5E2CE5780F /* Pods-tumblr.release.xcconfig */,
				FDE94FCADBDEBC7075F23255 /* Pods-tumblrTests.debug.xcconfig */,
				173BA2CFB99B960E6B35392A /* Pods-tumblrTests.release.xcconfig */,
				72419B105C43F3857CD63DFE /* Pods-tumblrUITests.debug.xcconfig */,
				893609BEFA570EF6A75611DB /* Pods-tumblrUITests.release.xcconfig */,
			);
			name = Pods;
			sourceTree = "<group>";
		};
/* End PBXGroup section */

/* Begin PBXNativeTarget section */
		5A9645182022DBF600DD3AE9 /* tumblr */ = {
			isa = PBXNativeTarget;
			buildConfigurationList = 5A9645412022DBF600DD3AE9 /* Build configuration list for PBXNativeTarget "tumblr" */;
			buildPhases = (
				2124527B47A0C0D4A2AD7212 /* [CP] Check Pods Manifest.lock */,
				5A9645152022DBF600DD3AE9 /* Sources */,
				5A9645162022DBF600DD3AE9 /* Frameworks */,
				5A9645172022DBF600DD3AE9 /* Resources */,
				8174D60703F788378B59255C /* [CP] Embed Pods Frameworks */,
				86CBC60CF9633CDC9F9F34AC /* [CP] Copy Pods Resources */,
			);
			buildRules = (
			);
			dependencies = (
			);
			name = tumblr;
			productName = tumblr;
			productReference = 5A9645192022DBF600DD3AE9 /* tumblr.app */;
			productType = "com.apple.product-type.application";
		};
		5A96452C2022DBF600DD3AE9 /* tumblrTests */ = {
			isa = PBXNativeTarget;
			buildConfigurationList = 5A9645442022DBF600DD3AE9 /* Build configuration list for PBXNativeTarget "tumblrTests" */;
			buildPhases = (
				616FAB11FEB343B81B108D86 /* [CP] Check Pods Manifest.lock */,
				5A9645292022DBF600DD3AE9 /* Sources */,
				5A96452A2022DBF600DD3AE9 /* Frameworks */,
				5A96452B2022DBF600DD3AE9 /* Resources */,
				524AD6E7EDD65695E0EA861D /* [CP] Embed Pods Frameworks */,
				BEA33459702B332C6869A3AB /* [CP] Copy Pods Resources */,
			);
			buildRules = (
			);
			dependencies = (
				5A96452F2022DBF600DD3AE9 /* PBXTargetDependency */,
			);
			name = tumblrTests;
			productName = tumblrTests;
			productReference = 5A96452D2022DBF600DD3AE9 /* tumblrTests.xctest */;
			productType = "com.apple.product-type.bundle.unit-test";
		};
		5A9645372022DBF600DD3AE9 /* tumblrUITests */ = {
			isa = PBXNativeTarget;
			buildConfigurationList = 5A9645472022DBF600DD3AE9 /* Build configuration list for PBXNativeTarget "tumblrUITests" */;
			buildPhases = (
				5DEB193D9FBE61D1A2687783 /* [CP] Check Pods Manifest.lock */,
				5A9645342022DBF600DD3AE9 /* Sources */,
				5A9645352022DBF600DD3AE9 /* Frameworks */,
				5A9645362022DBF600DD3AE9 /* Resources */,
				23A2110FFE3F9905C7F4DE46 /* [CP] Embed Pods Frameworks */,
				1ABDC155F0EB6FDBA0520367 /* [CP] Copy Pods Resources */,
			);
			buildRules = (
			);
			dependencies = (
				5A96453A2022DBF600DD3AE9 /* PBXTargetDependency */,
			);
			name = tumblrUITests;
			productName = tumblrUITests;
			productReference = 5A9645382022DBF600DD3AE9 /* tumblrUITests.xctest */;
			productType = "com.apple.product-type.bundle.ui-testing";
		};
/* End PBXNativeTarget section */

/* Begin PBXProject section */
		5A9645112022DBF600DD3AE9 /* Project object */ = {
			isa = PBXProject;
			attributes = {
				LastSwiftUpdateCheck = 0920;
				LastUpgradeCheck = 0920;
				ORGANIZATIONNAME = godwinpang;
				TargetAttributes = {
					5A9645182022DBF600DD3AE9 = {
						CreatedOnToolsVersion = 9.2;
						ProvisioningStyle = Automatic;
					};
					5A96452C2022DBF600DD3AE9 = {
						CreatedOnToolsVersion = 9.2;
						ProvisioningStyle = Automatic;
						TestTargetID = 5A9645182022DBF600DD3AE9;
					};
					5A9645372022DBF600DD3AE9 = {
						CreatedOnToolsVersion = 9.2;
						ProvisioningStyle = Automatic;
						TestTargetID = 5A9645182022DBF600DD3AE9;
					};
				};
			};
			buildConfigurationList = 5A9645142022DBF600DD3AE9 /* Build configuration list for PBXProject "Tumblr Photos" */;
			compatibilityVersion = "Xcode 8.0";
			developmentRegion = en;
			hasScannedForEncodings = 0;
			knownRegions = (
				en,
				Base,
			);
			mainGroup = 5A9645102022DBF600DD3AE9;
			productRefGroup = 5A96451A2022DBF600DD3AE9 /* Products */;
			projectDirPath = "";
			projectRoot = "";
			targets = (
				5A9645182022DBF600DD3AE9 /* tumblr */,
				5A96452C2022DBF600DD3AE9 /* tumblrTests */,
				5A9645372022DBF600DD3AE9 /* tumblrUITests */,
			);
		};
/* End PBXProject section */

/* Begin PBXResourcesBuildPhase section */
		5A9645172022DBF600DD3AE9 /* Resources */ = {
			isa = PBXResourcesBuildPhase;
			buildActionMask = 2147483647;
			files = (
				5A9645272022DBF600DD3AE9 /* LaunchScreen.storyboard in Resources */,
				5A9645242022DBF600DD3AE9 /* Assets.xcassets in Resources */,
				5A9645222022DBF600DD3AE9 /* Main.storyboard in Resources */,
			);
			runOnlyForDeploymentPostprocessing = 0;
		};
		5A96452B2022DBF600DD3AE9 /* Resources */ = {
			isa = PBXResourcesBuildPhase;
			buildActionMask = 2147483647;
			files = (
			);
			runOnlyForDeploymentPostprocessing = 0;
		};
		5A9645362022DBF600DD3AE9 /* Resources */ = {
			isa = PBXResourcesBuildPhase;
			buildActionMask = 2147483647;
			files = (
			);
			runOnlyForDeploymentPostprocessing = 0;
		};
/* End PBXResourcesBuildPhase section */

/* Begin PBXShellScriptBuildPhase section */
		1ABDC155F0EB6FDBA0520367 /* [CP] Copy Pods Resources */ = {
			isa = PBXShellScriptBuildPhase;
			buildActionMask = 2147483647;
			files = (
			);
			inputPaths = (
			);
			name = "[CP] Copy Pods Resources";
			outputPaths = (
			);
			runOnlyForDeploymentPostprocessing = 0;
			shellPath = /bin/sh;
			shellScript = "\"${SRCROOT}/Pods/Target Support Files/Pods-tumblrUITests/Pods-tumblrUITests-resources.sh\"\n";
			showEnvVarsInLog = 0;
		};
		2124527B47A0C0D4A2AD7212 /* [CP] Check Pods Manifest.lock */ = {
			isa = PBXShellScriptBuildPhase;
			buildActionMask = 2147483647;
			files = (
			);
			inputPaths = (
				"${PODS_PODFILE_DIR_PATH}/Podfile.lock",
				"${PODS_ROOT}/Manifest.lock",
			);
			name = "[CP] Check Pods Manifest.lock";
			outputPaths = (
				"$(DERIVED_FILE_DIR)/Pods-tumblr-checkManifestLockResult.txt",
			);
			runOnlyForDeploymentPostprocessing = 0;
			shellPath = /bin/sh;
			shellScript = "diff \"${PODS_PODFILE_DIR_PATH}/Podfile.lock\" \"${PODS_ROOT}/Manifest.lock\" > /dev/null\nif [ $? != 0 ] ; then\n    # print error to STDERR\n    echo \"error: The sandbox is not in sync with the Podfile.lock. Run 'pod install' or update your CocoaPods installation.\" >&2\n    exit 1\nfi\n# This output is used by Xcode 'outputs' to avoid re-running this script phase.\necho \"SUCCESS\" > \"${SCRIPT_OUTPUT_FILE_0}\"\n";
			showEnvVarsInLog = 0;
		};
		23A2110FFE3F9905C7F4DE46 /* [CP] Embed Pods Frameworks */ = {
			isa = PBXShellScriptBuildPhase;
			buildActionMask = 2147483647;
			files = (
			);
			inputPaths = (
			);
			name = "[CP] Embed Pods Frameworks";
			outputPaths = (
			);
			runOnlyForDeploymentPostprocessing = 0;
			shellPath = /bin/sh;
			shellScript = "\"${SRCROOT}/Pods/Target Support Files/Pods-tumblrUITests/Pods-tumblrUITests-frameworks.sh\"\n";
			showEnvVarsInLog = 0;
		};
		524AD6E7EDD65695E0EA861D /* [CP] Embed Pods Frameworks */ = {
			isa = PBXShellScriptBuildPhase;
			buildActionMask = 2147483647;
			files = (
			);
			inputPaths = (
			);
			name = "[CP] Embed Pods Frameworks";
			outputPaths = (
			);
			runOnlyForDeploymentPostprocessing = 0;
			shellPath = /bin/sh;
			shellScript = "\"${SRCROOT}/Pods/Target Support Files/Pods-tumblrTests/Pods-tumblrTests-frameworks.sh\"\n";
			showEnvVarsInLog = 0;
		};
		5DEB193D9FBE61D1A2687783 /* [CP] Check Pods Manifest.lock */ = {
			isa = PBXShellScriptBuildPhase;
			buildActionMask = 2147483647;
			files = (
			);
			inputPaths = (
				"${PODS_PODFILE_DIR_PATH}/Podfile.lock",
				"${PODS_ROOT}/Manifest.lock",
			);
			name = "[CP] Check Pods Manifest.lock";
			outputPaths = (
				"$(DERIVED_FILE_DIR)/Pods-tumblrUITests-checkManifestLockResult.txt",
			);
			runOnlyForDeploymentPostprocessing = 0;
			shellPath = /bin/sh;
			shellScript = "diff \"${PODS_PODFILE_DIR_PATH}/Podfile.lock\" \"${PODS_ROOT}/Manifest.lock\" > /dev/null\nif [ $? != 0 ] ; then\n    # print error to STDERR\n    echo \"error: The sandbox is not in sync with the Podfile.lock. Run 'pod install' or update your CocoaPods installation.\" >&2\n    exit 1\nfi\n# This output is used by Xcode 'outputs' to avoid re-running this script phase.\necho \"SUCCESS\" > \"${SCRIPT_OUTPUT_FILE_0}\"\n";
			showEnvVarsInLog = 0;
		};
		616FAB11FEB343B81B108D86 /* [CP] Check Pods Manifest.lock */ = {
			isa = PBXShellScriptBuildPhase;
			buildActionMask = 2147483647;
			files = (
			);
			inputPaths = (
				"${PODS_PODFILE_DIR_PATH}/Podfile.lock",
				"${PODS_ROOT}/Manifest.lock",
			);
			name = "[CP] Check Pods Manifest.lock";
			outputPaths = (
				"$(DERIVED_FILE_DIR)/Pods-tumblrTests-checkManifestLockResult.txt",
			);
			runOnlyForDeploymentPostprocessing = 0;
			shellPath = /bin/sh;
			shellScript = "diff \"${PODS_PODFILE_DIR_PATH}/Podfile.lock\" \"${PODS_ROOT}/Manifest.lock\" > /dev/null\nif [ $? != 0 ] ; then\n    # print error to STDERR\n    echo \"error: The sandbox is not in sync with the Podfile.lock. Run 'pod install' or update your CocoaPods installation.\" >&2\n    exit 1\nfi\n# This output is used by Xcode 'outputs' to avoid re-running this script phase.\necho \"SUCCESS\" > \"${SCRIPT_OUTPUT_FILE_0}\"\n";
			showEnvVarsInLog = 0;
		};
		8174D60703F788378B59255C /* [CP] Embed Pods Frameworks */ = {
			isa = PBXShellScriptBuildPhase;
			buildActionMask = 2147483647;
			files = (
			);
			inputPaths = (
				"${SRCROOT}/Pods/Target Support Files/Pods-tumblr/Pods-tumblr-frameworks.sh",
				"${BUILT_PRODUCTS_DIR}/Alamofire/Alamofire.framework",
				"${BUILT_PRODUCTS_DIR}/AlamofireImage/AlamofireImage.framework",
			);
			name = "[CP] Embed Pods Frameworks";
			outputPaths = (
				"${TARGET_BUILD_DIR}/${FRAMEWORKS_FOLDER_PATH}/Alamofire.framework",
				"${TARGET_BUILD_DIR}/${FRAMEWORKS_FOLDER_PATH}/AlamofireImage.framework",
			);
			runOnlyForDeploymentPostprocessing = 0;
			shellPath = /bin/sh;
			shellScript = "\"${SRCROOT}/Pods/Target Support Files/Pods-tumblr/Pods-tumblr-frameworks.sh\"\n";
			showEnvVarsInLog = 0;
		};
		86CBC60CF9633CDC9F9F34AC /* [CP] Copy Pods Resources */ = {
			isa = PBXShellScriptBuildPhase;
			buildActionMask = 2147483647;
			files = (
			);
			inputPaths = (
			);
			name = "[CP] Copy Pods Resources";
			outputPaths = (
			);
			runOnlyForDeploymentPostprocessing = 0;
			shellPath = /bin/sh;
			shellScript = "\"${SRCROOT}/Pods/Target Support Files/Pods-tumblr/Pods-tumblr-resources.sh\"\n";
			showEnvVarsInLog = 0;
		};
		BEA33459702B332C6869A3AB /* [CP] Copy Pods Resources */ = {
			isa = PBXShellScriptBuildPhase;
			buildActionMask = 2147483647;
			files = (
			);
			inputPaths = (
			);
			name = "[CP] Copy Pods Resources";
			outputPaths = (
			);
			runOnlyForDeploymentPostprocessing = 0;
			shellPath = /bin/sh;
			shellScript = "\"${SRCROOT}/Pods/Target Support Files/Pods-tumblrTests/Pods-tumblrTests-resources.sh\"\n";
			showEnvVarsInLog = 0;
		};
/* End PBXShellScriptBuildPhase section */

/* Begin PBXSourcesBuildPhase section */
		5A9645152022DBF600DD3AE9 /* Sources */ = {
			isa = PBXSourcesBuildPhase;
			buildActionMask = 2147483647;
			files = (
				5A58DFE62022E3B30092C8A6 /* PhotosViewController.swift in Sources */,
				5A96451D2022DBF600DD3AE9 /* AppDelegate.swift in Sources */,
				5A58DFE42022E36C0092C8A6 /* PhotoCell.swift in Sources */,
			);
			runOnlyForDeploymentPostprocessing = 0;
		};
		5A9645292022DBF600DD3AE9 /* Sources */ = {
			isa = PBXSourcesBuildPhase;
			buildActionMask = 2147483647;
			files = (
				5A9645322022DBF600DD3AE9 /* tumblrTests.swift in Sources */,
			);
			runOnlyForDeploymentPostprocessing = 0;
		};
		5A9645342022DBF600DD3AE9 /* Sources */ = {
			isa = PBXSourcesBuildPhase;
			buildActionMask = 2147483647;
			files = (
				5A96453D2022DBF600DD3AE9 /* tumblrUITests.swift in Sources */,
			);
			runOnlyForDeploymentPostprocessing = 0;
		};
/* End PBXSourcesBuildPhase section */

/* Begin PBXTargetDependency section */
		5A96452F2022DBF600DD3AE9 /* PBXTargetDependency */ = {
			isa = PBXTargetDependency;
			target = 5A9645182022DBF600DD3AE9 /* tumblr */;
			targetProxy = 5A96452E2022DBF600DD3AE9 /* PBXContainerItemProxy */;
		};
		5A96453A2022DBF600DD3AE9 /* PBXTargetDependency */ = {
			isa = PBXTargetDependency;
			target = 5A9645182022DBF600DD3AE9 /* tumblr */;
			targetProxy = 5A9645392022DBF600DD3AE9 /* PBXContainerItemProxy */;
		};
/* End PBXTargetDependency section */

/* Begin PBXVariantGroup section */
		5A9645202022DBF600DD3AE9 /* Main.storyboard */ = {
			isa = PBXVariantGroup;
			children = (
				5A9645212022DBF600DD3AE9 /* Base */,
			);
			name = Main.storyboard;
			sourceTree = "<group>";
		};
		5A9645252022DBF600DD3AE9 /* LaunchScreen.storyboard */ = {
			isa = PBXVariantGroup;
			children = (
				5A9645262022DBF600DD3AE9 /* Base */,
			);
			name = LaunchScreen.storyboard;
			sourceTree = "<group>";
		};
/* End PBXVariantGroup section */

/* Begin XCBuildConfiguration section */
		5A96453F2022DBF600DD3AE9 /* Debug */ = {
			isa = XCBuildConfiguration;
			buildSettings = {
				ALWAYS_SEARCH_USER_PATHS = NO;
				CLANG_ANALYZER_NONNULL = YES;
				CLANG_ANALYZER_NUMBER_OBJECT_CONVERSION = YES_AGGRESSIVE;
				CLANG_CXX_LANGUAGE_STANDARD = "gnu++14";
				CLANG_CXX_LIBRARY = "libc++";
				CLANG_ENABLE_MODULES = YES;
				CLANG_ENABLE_OBJC_ARC = YES;
				CLANG_WARN_BLOCK_CAPTURE_AUTORELEASING = YES;
				CLANG_WARN_BOOL_CONVERSION = YES;
				CLANG_WARN_COMMA = YES;
				CLANG_WARN_CONSTANT_CONVERSION = YES;
				CLANG_WARN_DIRECT_OBJC_ISA_USAGE = YES_ERROR;
				CLANG_WARN_DOCUMENTATION_COMMENTS = YES;
				CLANG_WARN_EMPTY_BODY = YES;
				CLANG_WARN_ENUM_CONVERSION = YES;
				CLANG_WARN_INFINITE_RECURSION = YES;
				CLANG_WARN_INT_CONVERSION = YES;
				CLANG_WARN_NON_LITERAL_NULL_CONVERSION = YES;
				CLANG_WARN_OBJC_LITERAL_CONVERSION = YES;
				CLANG_WARN_OBJC_ROOT_CLASS = YES_ERROR;
				CLANG_WARN_RANGE_LOOP_ANALYSIS = YES;
				CLANG_WARN_STRICT_PROTOTYPES = YES;
				CLANG_WARN_SUSPICIOUS_MOVE = YES;
				CLANG_WARN_UNGUARDED_AVAILABILITY = YES_AGGRESSIVE;
				CLANG_WARN_UNREACHABLE_CODE = YES;
				CLANG_WARN__DUPLICATE_METHOD_MATCH = YES;
				CODE_SIGN_IDENTITY = "iPhone Developer";
				COPY_PHASE_STRIP = NO;
				DEBUG_INFORMATION_FORMAT = dwarf;
				ENABLE_STRICT_OBJC_MSGSEND = YES;
				ENABLE_TESTABILITY = YES;
				GCC_C_LANGUAGE_STANDARD = gnu11;
				GCC_DYNAMIC_NO_PIC = NO;
				GCC_NO_COMMON_BLOCKS = YES;
				GCC_OPTIMIZATION_LEVEL = 0;
				GCC_PREPROCESSOR_DEFINITIONS = (
					"DEBUG=1",
					"$(inherited)",
				);
				GCC_WARN_64_TO_32_BIT_CONVERSION = YES;
				GCC_WARN_ABOUT_RETURN_TYPE = YES_ERROR;
				GCC_WARN_UNDECLARED_SELECTOR = YES;
				GCC_WARN_UNINITIALIZED_AUTOS = YES_AGGRESSIVE;
				GCC_WARN_UNUSED_FUNCTION = YES;
				GCC_WARN_UNUSED_VARIABLE = YES;
				IPHONEOS_DEPLOYMENT_TARGET = 11.2;
				MTL_ENABLE_DEBUG_INFO = YES;
				ONLY_ACTIVE_ARCH = YES;
				SDKROOT = iphoneos;
				SWIFT_ACTIVE_COMPILATION_CONDITIONS = DEBUG;
				SWIFT_OPTIMIZATION_LEVEL = "-Onone";
			};
			name = Debug;
		};
		5A9645402022DBF600DD3AE9 /* Release */ = {
			isa = XCBuildConfiguration;
			buildSettings = {
				ALWAYS_SEARCH_USER_PATHS = NO;
				CLANG_ANALYZER_NONNULL = YES;
				CLANG_ANALYZER_NUMBER_OBJECT_CONVERSION = YES_AGGRESSIVE;
				CLANG_CXX_LANGUAGE_STANDARD = "gnu++14";
				CLANG_CXX_LIBRARY = "libc++";
				CLANG_ENABLE_MODULES = YES;
				CLANG_ENABLE_OBJC_ARC = YES;
				CLANG_WARN_BLOCK_CAPTURE_AUTORELEASING = YES;
				CLANG_WARN_BOOL_CONVERSION = YES;
				CLANG_WARN_COMMA = YES;
				CLANG_WARN_CONSTANT_CONVERSION = YES;
				CLANG_WARN_DIRECT_OBJC_ISA_USAGE = YES_ERROR;
				CLANG_WARN_DOCUMENTATION_COMMENTS = YES;
				CLANG_WARN_EMPTY_BODY = YES;
				CLANG_WARN_ENUM_CONVERSION = YES;
				CLANG_WARN_INFINITE_RECURSION = YES;
				CLANG_WARN_INT_CONVERSION = YES;
				CLANG_WARN_NON_LITERAL_NULL_CONVERSION = YES;
				CLANG_WARN_OBJC_LITERAL_CONVERSION = YES;
				CLANG_WARN_OBJC_ROOT_CLASS = YES_ERROR;
				CLANG_WARN_RANGE_LOOP_ANALYSIS = YES;
				CLANG_WARN_STRICT_PROTOTYPES = YES;
				CLANG_WARN_SUSPICIOUS_MOVE = YES;
				CLANG_WARN_UNGUARDED_AVAILABILITY = YES_AGGRESSIVE;
				CLANG_WARN_UNREACHABLE_CODE = YES;
				CLANG_WARN__DUPLICATE_METHOD_MATCH = YES;
				CODE_SIGN_IDENTITY = "iPhone Developer";
				COPY_PHASE_STRIP = NO;
				DEBUG_INFORMATION_FORMAT = "dwarf-with-dsym";
				ENABLE_NS_ASSERTIONS = NO;
				ENABLE_STRICT_OBJC_MSGSEND = YES;
				GCC_C_LANGUAGE_STANDARD = gnu11;
				GCC_NO_COMMON_BLOCKS = YES;
				GCC_WARN_64_TO_32_BIT_CONVERSION = YES;
				GCC_WARN_ABOUT_RETURN_TYPE = YES_ERROR;
				GCC_WARN_UNDECLARED_SELECTOR = YES;
				GCC_WARN_UNINITIALIZED_AUTOS = YES_AGGRESSIVE;
				GCC_WARN_UNUSED_FUNCTION = YES;
				GCC_WARN_UNUSED_VARIABLE = YES;
				IPHONEOS_DEPLOYMENT_TARGET = 11.2;
				MTL_ENABLE_DEBUG_INFO = NO;
				SDKROOT = iphoneos;
				SWIFT_OPTIMIZATION_LEVEL = "-Owholemodule";
				VALIDATE_PRODUCT = YES;
			};
			name = Release;
		};
		5A9645422022DBF600DD3AE9 /* Debug */ = {
			isa = XCBuildConfiguration;
			baseConfigurationReference = 4AAA955B412CA4A9D107E97D /* Pods-tumblr.debug.xcconfig */;
			buildSettings = {
				ASSETCATALOG_COMPILER_APPICON_NAME = AppIcon;
				CODE_SIGN_STYLE = Automatic;
				INFOPLIST_FILE = tumblr/Info.plist;
				LD_RUNPATH_SEARCH_PATHS = "$(inherited) @executable_path/Frameworks";
				PRODUCT_BUNDLE_IDENTIFIER = com.godwinpang.tumblr;
				PRODUCT_NAME = "$(TARGET_NAME)";
				SWIFT_VERSION = 4.0;
				TARGETED_DEVICE_FAMILY = "1,2";
			};
			name = Debug;
		};
		5A9645432022DBF600DD3AE9 /* Release */ = {
			isa = XCBuildConfiguration;
			baseConfigurationReference = 10805393EB37EA5E2CE5780F /* Pods-tumblr.release.xcconfig */;
			buildSettings = {
				ASSETCATALOG_COMPILER_APPICON_NAME = AppIcon;
				CODE_SIGN_STYLE = Automatic;
				INFOPLIST_FILE = tumblr/Info.plist;
				LD_RUNPATH_SEARCH_PATHS = "$(inherited) @executable_path/Frameworks";
				PRODUCT_BUNDLE_IDENTIFIER = com.godwinpang.tumblr;
				PRODUCT_NAME = "$(TARGET_NAME)";
				SWIFT_VERSION = 4.0;
				TARGETED_DEVICE_FAMILY = "1,2";
			};
			name = Release;
		};
		5A9645452022DBF600DD3AE9 /* Debug */ = {
			isa = XCBuildConfiguration;
			baseConfigurationReference = FDE94FCADBDEBC7075F23255 /* Pods-tumblrTests.debug.xcconfig */;
			buildSettings = {
				ALWAYS_EMBED_SWIFT_STANDARD_LIBRARIES = YES;
				BUNDLE_LOADER = "$(TEST_HOST)";
				CODE_SIGN_STYLE = Automatic;
				INFOPLIST_FILE = tumblrTests/Info.plist;
				LD_RUNPATH_SEARCH_PATHS = "$(inherited) @executable_path/Frameworks @loader_path/Frameworks";
				PRODUCT_BUNDLE_IDENTIFIER = com.godwinpang.tumblrTests;
				PRODUCT_NAME = "$(TARGET_NAME)";
				SWIFT_VERSION = 4.0;
				TARGETED_DEVICE_FAMILY = "1,2";
				TEST_HOST = "$(BUILT_PRODUCTS_DIR)/tumblr.app/tumblr";
			};
			name = Debug;
		};
		5A9645462022DBF600DD3AE9 /* Release */ = {
			isa = XCBuildConfiguration;
			baseConfigurationReference = 173BA2CFB99B960E6B35392A /* Pods-tumblrTests.release.xcconfig */;
			buildSettings = {
				ALWAYS_EMBED_SWIFT_STANDARD_LIBRARIES = YES;
				BUNDLE_LOADER = "$(TEST_HOST)";
				CODE_SIGN_STYLE = Automatic;
				INFOPLIST_FILE = tumblrTests/Info.plist;
				LD_RUNPATH_SEARCH_PATHS = "$(inherited) @executable_path/Frameworks @loader_path/Frameworks";
				PRODUCT_BUNDLE_IDENTIFIER = com.godwinpang.tumblrTests;
				PRODUCT_NAME = "$(TARGET_NAME)";
				SWIFT_VERSION = 4.0;
				TARGETED_DEVICE_FAMILY = "1,2";
				TEST_HOST = "$(BUILT_PRODUCTS_DIR)/tumblr.app/tumblr";
			};
			name = Release;
		};
		5A9645482022DBF600DD3AE9 /* Debug */ = {
			isa = XCBuildConfiguration;
			baseConfigurationReference = 72419B105C43F3857CD63DFE /* Pods-tumblrUITests.debug.xcconfig */;
			buildSettings = {
				ALWAYS_EMBED_SWIFT_STANDARD_LIBRARIES = YES;
				CODE_SIGN_STYLE = Automatic;
				INFOPLIST_FILE = tumblrUITests/Info.plist;
				LD_RUNPATH_SEARCH_PATHS = "$(inherited) @executable_path/Frameworks @loader_path/Frameworks";
				PRODUCT_BUNDLE_IDENTIFIER = com.godwinpang.tumblrUITests;
				PRODUCT_NAME = "$(TARGET_NAME)";
				SWIFT_VERSION = 4.0;
				TARGETED_DEVICE_FAMILY = "1,2";
				TEST_TARGET_NAME = tumblr;
			};
			name = Debug;
		};
		5A9645492022DBF600DD3AE9 /* Release */ = {
			isa = XCBuildConfiguration;
			baseConfigurationReference = 893609BEFA570EF6A75611DB /* Pods-tumblrUITests.release.xcconfig */;
			buildSettings = {
				ALWAYS_EMBED_SWIFT_STANDARD_LIBRARIES = YES;
				CODE_SIGN_STYLE = Automatic;
				INFOPLIST_FILE = tumblrUITests/Info.plist;
				LD_RUNPATH_SEARCH_PATHS = "$(inherited) @executable_path/Frameworks @loader_path/Frameworks";
				PRODUCT_BUNDLE_IDENTIFIER = com.godwinpang.tumblrUITests;
				PRODUCT_NAME = "$(TARGET_NAME)";
				SWIFT_VERSION = 4.0;
				TARGETED_DEVICE_FAMILY = "1,2";
				TEST_TARGET_NAME = tumblr;
			};
			name = Release;
		};
/* End XCBuildConfiguration section */

/* Begin XCConfigurationList section */
		5A9645142022DBF600DD3AE9 /* Build configuration list for PBXProject "Tumblr Photos" */ = {
			isa = XCConfigurationList;
			buildConfigurations = (
				5A96453F2022DBF600DD3AE9 /* Debug */,
				5A9645402022DBF600DD3AE9 /* Release */,
			);
			defaultConfigurationIsVisible = 0;
			defaultConfigurationName = Release;
		};
		5A9645412022DBF600DD3AE9 /* Build configuration list for PBXNativeTarget "tumblr" */ = {
			isa = XCConfigurationList;
			buildConfigurations = (
				5A9645422022DBF600DD3AE9 /* Debug */,
				5A9645432022DBF600DD3AE9 /* Release */,
			);
			defaultConfigurationIsVisible = 0;
			defaultConfigurationName = Release;
		};
		5A9645442022DBF600DD3AE9 /* Build configuration list for PBXNativeTarget "tumblrTests" */ = {
			isa = XCConfigurationList;
			buildConfigurations = (
				5A9645452022DBF600DD3AE9 /* Debug */,
				5A9645462022DBF600DD3AE9 /* Release */,
			);
			defaultConfigurationIsVisible = 0;
			defaultConfigurationName = Release;
		};
		5A9645472022DBF600DD3AE9 /* Build configuration list for PBXNativeTarget "tumblrUITests" */ = {
			isa = XCConfigurationList;
			buildConfigurations = (
				5A9645482022DBF600DD3AE9 /* Debug */,
				5A9645492022DBF600DD3AE9 /* Release */,
			);
			defaultConfigurationIsVisible = 0;
			defaultConfigurationName = Release;
		};
/* End XCConfigurationList section */
	};
	rootObject = 5A9645112022DBF600DD3AE9 /* Project object */;
}
